
Microsoft Visual Studio Solution File, Format Version 12.00
# Visual Studio Version 16
VisualStudioVersion = 16.0.31829.152
MinimumVisualStudioVersion = 10.0.40219.1
Project("{9A19103F-16F7-4668-BE54-9A1E7A4F7556}") = "Biblioteket", "Biblioteket\Biblioteket.csproj", "{5D866816-A9E5-4CF6-9ED3-5433560A0CB3}"
EndProject
Project("{FAE04EC0-301F-11D3-BF4B-00C04F79EFBC}") = "UnitTest_Biblioteket", "UnitTest_Biblioteket\UnitTest_Biblioteket.csproj", "{5B390091-2B78-4FD4-B4F0-0EF4878617D2}"
EndProject
Global
	GlobalSection(SolutionConfigurationPlatforms) = preSolution
		Debug|Any CPU = Debug|Any CPU
		Release|Any CPU = Release|Any CPU
	EndGlobalSection
	GlobalSection(ProjectConfigurationPlatforms) = postSolution
		{5D866816-A9E5-4CF6-9ED3-5433560A0CB3}.Debug|Any CPU.ActiveCfg = Debug|Any CPU
		{5D866816-A9E5-4CF6-9ED3-5433560A0CB3}.Debug|Any CPU.Build.0 = Debug|Any CPU
		{5D866816-A9E5-4CF6-9ED3-5433560A0CB3}.Release|Any CPU.ActiveCfg = Release|Any CPU
		{5D866816-A9E5-4CF6-9ED3-5433560A0CB3}.Release|Any CPU.Build.0 = Release|Any CPU
		{5B390091-2B78-4FD4-B4F0-0EF4878617D2}.Debug|Any CPU.ActiveCfg = Debug|Any CPU
		{5B390091-2B78-4FD4-B4F0-0EF4878617D2}.Debug|Any CPU.Build.0 = Debug|Any CPU
		{5B390091-2B78-4FD4-B4F0-0EF4878617D2}.Release|Any CPU.ActiveCfg = Release|Any CPU
		{5B390091-2B78-4FD4-B4F0-0EF4878617D2}.Release|Any CPU.Build.0 = Release|Any CPU
	EndGlobalSection
	GlobalSection(SolutionProperties) = preSolution
		HideSolutionNode = FALSE
	EndGlobalSection
	GlobalSection(ExtensibilityGlobals) = postSolution
		SolutionGuid = {EAC14F53-AD78-4FA0-B6C7-41D35044E42E}
	EndGlobalSection
EndGlobal
